{
  "requires": true,
  "lockfileVersion": 1,
  "dependencies": {
    "react-multi-select-component": {
      "version": "4.3.4",
      "resolved": "https://registry.npmjs.org/react-multi-select-component/-/react-multi-select-component-4.3.4.tgz",
      "integrity": "sha512-Ui/bzCbROF4WfKq3OKWyQJHmy/bd1mW7CQM+L83TfiltuVvHElhKEyPM3JzO9urIcWplBUKv+kyxqmEnd9jPcA=="
    }
  }
}
